
Microsoft Visual Studio Solution File, Format Version 12.00
# Visual Studio Version 16
VisualStudioVersion = 16.0.34031.81
MinimumVisualStudioVersion = 10.0.40219.1
Project("{FAE04EC0-301F-11D3-BF4B-00C04F79EFBC}") = "GetAccountDetails", "GetAccountDetails\GetAccountDetails.csproj", "{ABA534C3-3FAA-454B-B974-A6826F07D660}"
EndProject
Global
	GlobalSection(SolutionConfigurationPlatforms) = preSolution
		Debug|Any CPU = Debug|Any CPU
		Release|Any CPU = Release|Any CPU
	EndGlobalSection
	GlobalSection(ProjectConfigurationPlatforms) = postSolution
		{ABA534C3-3FAA-454B-B974-A6826F07D660}.Debug|Any CPU.ActiveCfg = Debug|Any CPU
		{ABA534C3-3FAA-454B-B974-A6826F07D660}.Debug|Any CPU.Build.0 = Debug|Any CPU
		{ABA534C3-3FAA-454B-B974-A6826F07D660}.Release|Any CPU.ActiveCfg = Release|Any CPU
		{ABA534C3-3FAA-454B-B974-A6826F07D660}.Release|Any CPU.Build.0 = Release|Any CPU
	EndGlobalSection
	GlobalSection(SolutionProperties) = preSolution
		HideSolutionNode = FALSE
	EndGlobalSection
	GlobalSection(ExtensibilityGlobals) = postSolution
		SolutionGuid = {CB132E0C-3D95-4455-9874-EE34A7F021BE}
	EndGlobalSection
EndGlobal
